<?xml version="1.0" encoding="utf-8"?>
<Project ToolsVersion="4.0" xmlns="http://schemas.microsoft.com/developer/msbuild/2003">
  <ItemGroup>
    <Filter Include="Source Files">
      <UniqueIdentifier>{4FC737F1-C7A5-4376-A066-2A32D752A2FF}</UniqueIdentifier>
      <Extensions>cpp;c;cc;cxx;def;odl;idl;hpj;bat;asm;asmx</Extensions>
    </Filter>
    <Filter Include="Header Files">
      <UniqueIdentifier>{93995380-89BD-4b04-88EB-625FBE52EBFB}</UniqueIdentifier>
      <Extensions>h;hh;hpp;hxx;hm;inl;inc;xsd</Extensions>
    </Filter>
    <Filter Include="Build Tools">
      <UniqueIdentifier>{52c33c60-cab1-47dc-b451-3c29ef9b231a}</UniqueIdentifier>
    </Filter>
    <Filter Include="Shaders Source">
      <UniqueIdentifier>{7e248f74-d968-40aa-8a27-778169fc6f4d}</UniqueIdentifier>
    </Filter>
  </ItemGroup>
  <ItemGroup>
    <ClCompile Include="RenderInfo.cpp">
      <Filter>Source Files</Filter>
    </ClCompile>
    <ClCompile Include="RenderInfoStorage.cpp">
      <Filter>Source Files</Filter>
    </ClCompile>
    <ClCompile Include="RenderQueue.cpp">
      <Filter>Source Files</Filter>
    </ClCompile>
  </ItemGroup>
  <ItemGroup>
    <ClInclude Include="RenderInfo.hpp">
      <Filter>Header Files</Filter>
    </ClInclude>
    <ClInclude Include="RenderInfoStorage.hpp">
      <Filter>Header Files</Filter>
    </ClInclude>
    <ClInclude Include="RenderQueue.hpp">
      <Filter>Header Files</Filter>
    </ClInclude>
  </ItemGroup>
  <ItemGroup>
    <None Include="Build\LinkShaders.bat">
      <Filter>Build Tools</Filter>
    </None>
    <None Include="Shaders\MapVertexShader.glsl">
      <Filter>Shaders Source</Filter>
    </None>
    <None Include="Shaders\QueueVertexShader.glsl">
      <Filter>Shaders Source</Filter>
    </None>
  </ItemGroup>
</Project>