<?xml version="1.0" encoding="utf-8"?>
<Project ToolsVersion="4.0" xmlns="http://schemas.microsoft.com/developer/msbuild/2003">
  <ItemGroup>
    <Filter Include="Build">
      <UniqueIdentifier>{2bb7dc95-1c65-4879-8505-8c03c87f5d00}</UniqueIdentifier>
    </Filter>
    <Filter Include="Source">
      <UniqueIdentifier>{4FC737F1-C7A5-4376-A066-2A32D752A2FF}</UniqueIdentifier>
      <Extensions>cpp;c;cc;cxx;def;odl;idl;hpj;bat;asm;asmx</Extensions>
    </Filter>
  </ItemGroup>
  <ItemGroup>
    <None Include="Build\CleanBuild.bat">
      <Filter>Build</Filter>
    </None>
    <None Include="Build\CompileShaders.bat">
      <Filter>Build</Filter>
    </None>
    <None Include="Build\LinkShaders.bat">
      <Filter>Build</Filter>
    </None>
    <None Include="Source\Triangle.frag">
      <Filter>Source</Filter>
    </None>
    <None Include="Source\CoordinateColor.frag">
      <Filter>Source</Filter>
    </None>
    <None Include="Source\Circle.vert">
      <Filter>Source</Filter>
    </None>
    <None Include="Source\Triangle.vert">
      <Filter>Source</Filter>
    </None>
  </ItemGroup>
  <ItemGroup>
    <ClCompile Include="Source\lib.cpp" />
  </ItemGroup>
</Project>