
Microsoft Visual Studio Solution File, Format Version 12.00
# Visual Studio 15
VisualStudioVersion = 15.0.26430.16
MinimumVisualStudioVersion = 10.0.40219.1
Project("{2150E333-8FDC-42A3-9474-1A3956D46DE8}") = "Graphics", "Graphics", "{C2CC0351-A630-4978-90C6-3F5CFDCCC093}"
EndProject
Project("{8BC9CEB8-8B4A-11D0-8D11-00A0C91BC942}") = "GameLogicEngine", "GameLogicEngine\GameLogicEngine.vcxproj", "{E8017529-CAE2-4AD7-8207-FC9A91849B91}"
EndProject
Project("{8BC9CEB8-8B4A-11D0-8D11-00A0C91BC942}") = "EntryPoint", "EntryPoint\EntryPoint.vcxproj", "{C1110F89-0B60-42C5-B6B2-B7571D6FB743}"
EndProject
Project("{8BC9CEB8-8B4A-11D0-8D11-00A0C91BC942}") = "AbstractGraphicsEngine", "Graphics\AbstractGraphicsEngine\AbstractGraphicsEngine.vcxproj", "{FAB43DB9-B048-43D6-9893-B089A958A213}"
EndProject
Project("{8BC9CEB8-8B4A-11D0-8D11-00A0C91BC942}") = "Shaders", "Graphics\Shaders\Shaders.vcxproj", "{9314AAEE-7B6B-42DF-819F-CD64D973807E}"
EndProject
Project("{8BC9CEB8-8B4A-11D0-8D11-00A0C91BC942}") = "OpenGLGraphicsEngine", "Graphics\OpenGLGraphicsEngine\OpenGLGraphicsEngine.vcxproj", "{A8D942C8-5405-4CF9-98D2-9A65735CC427}"
EndProject
Project("{8BC9CEB8-8B4A-11D0-8D11-00A0C91BC942}") = "VulkanGraphicsEngine", "Graphics\VulkanGraphicsEngine\VulkanGraphicsEngine.vcxproj", "{B5953469-EA7F-4CB1-8EF7-79CF92D8C12F}"
EndProject
Project("{8BC9CEB8-8B4A-11D0-8D11-00A0C91BC942}") = "GameWindow", "Graphics\GameWindow\GameWindow.vcxproj", "{51ACE45F-329D-405E-9AE8-913A942C997C}"
EndProject
Project("{8BC9CEB8-8B4A-11D0-8D11-00A0C91BC942}") = "RenderInfo", "Graphics\RenderInfo\RenderInfo.vcxproj", "{406C4003-3705-4BD0-B84E-4832CA9BDFCA}"
EndProject
Project("{8BC9CEB8-8B4A-11D0-8D11-00A0C91BC942}") = "Controller", "Controller\Controller.vcxproj", "{C5C17A7E-3702-464B-A46A-39679106B95B}"
EndProject
Project("{8BC9CEB8-8B4A-11D0-8D11-00A0C91BC942}") = "GameObjects", "GameObjects\GameObjects.vcxproj", "{F6A0FEE2-0F72-44E2-9ABC-FA1CF8BA6D4B}"
EndProject
Project("{8BC9CEB8-8B4A-11D0-8D11-00A0C91BC942}") = "PhysicsEngine", "PhysicsEngine\PhysicsEngine.vcxproj", "{CB82332B-74C2-4C23-9760-385CADE2CE6A}"
EndProject
Project("{8BC9CEB8-8B4A-11D0-8D11-00A0C91BC942}") = "Settings", "Settings\Settings.vcxproj", "{0DFE8E10-1F21-496B-897A-08D62D4611B3}"
EndProject
Project("{8BC9CEB8-8B4A-11D0-8D11-00A0C91BC942}") = "Shared", "Shared\Shared.vcxproj", "{E8A62825-BABB-48AF-8C6F-C57C08BD594D}"
EndProject
Global
	GlobalSection(SolutionConfigurationPlatforms) = preSolution
		Debug|x64 = Debug|x64
		Debug|x86 = Debug|x86
		Release|x64 = Release|x64
		Release|x86 = Release|x86
	EndGlobalSection
	GlobalSection(ProjectConfigurationPlatforms) = postSolution
		{E8017529-CAE2-4AD7-8207-FC9A91849B91}.Debug|x64.ActiveCfg = Debug|x64
		{E8017529-CAE2-4AD7-8207-FC9A91849B91}.Debug|x64.Build.0 = Debug|x64
		{E8017529-CAE2-4AD7-8207-FC9A91849B91}.Debug|x86.ActiveCfg = Debug|Win32
		{E8017529-CAE2-4AD7-8207-FC9A91849B91}.Debug|x86.Build.0 = Debug|Win32
		{E8017529-CAE2-4AD7-8207-FC9A91849B91}.Release|x64.ActiveCfg = Release|x64
		{E8017529-CAE2-4AD7-8207-FC9A91849B91}.Release|x64.Build.0 = Release|x64
		{E8017529-CAE2-4AD7-8207-FC9A91849B91}.Release|x86.ActiveCfg = Release|Win32
		{E8017529-CAE2-4AD7-8207-FC9A91849B91}.Release|x86.Build.0 = Release|Win32
		{C1110F89-0B60-42C5-B6B2-B7571D6FB743}.Debug|x64.ActiveCfg = Debug|x64
		{C1110F89-0B60-42C5-B6B2-B7571D6FB743}.Debug|x64.Build.0 = Debug|x64
		{C1110F89-0B60-42C5-B6B2-B7571D6FB743}.Debug|x86.ActiveCfg = Debug|Win32
		{C1110F89-0B60-42C5-B6B2-B7571D6FB743}.Debug|x86.Build.0 = Debug|Win32
		{C1110F89-0B60-42C5-B6B2-B7571D6FB743}.Release|x64.ActiveCfg = Release|x64
		{C1110F89-0B60-42C5-B6B2-B7571D6FB743}.Release|x64.Build.0 = Release|x64
		{C1110F89-0B60-42C5-B6B2-B7571D6FB743}.Release|x86.ActiveCfg = Release|Win32
		{C1110F89-0B60-42C5-B6B2-B7571D6FB743}.Release|x86.Build.0 = Release|Win32
		{FAB43DB9-B048-43D6-9893-B089A958A213}.Debug|x64.ActiveCfg = Debug|x64
		{FAB43DB9-B048-43D6-9893-B089A958A213}.Debug|x64.Build.0 = Debug|x64
		{FAB43DB9-B048-43D6-9893-B089A958A213}.Debug|x86.ActiveCfg = Debug|Win32
		{FAB43DB9-B048-43D6-9893-B089A958A213}.Debug|x86.Build.0 = Debug|Win32
		{FAB43DB9-B048-43D6-9893-B089A958A213}.Release|x64.ActiveCfg = Release|x64
		{FAB43DB9-B048-43D6-9893-B089A958A213}.Release|x64.Build.0 = Release|x64
		{FAB43DB9-B048-43D6-9893-B089A958A213}.Release|x86.ActiveCfg = Release|Win32
		{FAB43DB9-B048-43D6-9893-B089A958A213}.Release|x86.Build.0 = Release|Win32
		{9314AAEE-7B6B-42DF-819F-CD64D973807E}.Debug|x64.ActiveCfg = Debug|x64
		{9314AAEE-7B6B-42DF-819F-CD64D973807E}.Debug|x64.Build.0 = Debug|x64
		{9314AAEE-7B6B-42DF-819F-CD64D973807E}.Debug|x86.ActiveCfg = Debug|Win32
		{9314AAEE-7B6B-42DF-819F-CD64D973807E}.Debug|x86.Build.0 = Debug|Win32
		{9314AAEE-7B6B-42DF-819F-CD64D973807E}.Release|x64.ActiveCfg = Release|x64
		{9314AAEE-7B6B-42DF-819F-CD64D973807E}.Release|x64.Build.0 = Release|x64
		{9314AAEE-7B6B-42DF-819F-CD64D973807E}.Release|x86.ActiveCfg = Release|Win32
		{9314AAEE-7B6B-42DF-819F-CD64D973807E}.Release|x86.Build.0 = Release|Win32
		{A8D942C8-5405-4CF9-98D2-9A65735CC427}.Debug|x64.ActiveCfg = Debug|x64
		{A8D942C8-5405-4CF9-98D2-9A65735CC427}.Debug|x64.Build.0 = Debug|x64
		{A8D942C8-5405-4CF9-98D2-9A65735CC427}.Debug|x86.ActiveCfg = Debug|Win32
		{A8D942C8-5405-4CF9-98D2-9A65735CC427}.Debug|x86.Build.0 = Debug|Win32
		{A8D942C8-5405-4CF9-98D2-9A65735CC427}.Release|x64.ActiveCfg = Release|x64
		{A8D942C8-5405-4CF9-98D2-9A65735CC427}.Release|x64.Build.0 = Release|x64
		{A8D942C8-5405-4CF9-98D2-9A65735CC427}.Release|x86.ActiveCfg = Release|Win32
		{A8D942C8-5405-4CF9-98D2-9A65735CC427}.Release|x86.Build.0 = Release|Win32
		{B5953469-EA7F-4CB1-8EF7-79CF92D8C12F}.Debug|x64.ActiveCfg = Debug|x64
		{B5953469-EA7F-4CB1-8EF7-79CF92D8C12F}.Debug|x64.Build.0 = Debug|x64
		{B5953469-EA7F-4CB1-8EF7-79CF92D8C12F}.Debug|x86.ActiveCfg = Debug|Win32
		{B5953469-EA7F-4CB1-8EF7-79CF92D8C12F}.Debug|x86.Build.0 = Debug|Win32
		{B5953469-EA7F-4CB1-8EF7-79CF92D8C12F}.Release|x64.ActiveCfg = Release|x64
		{B5953469-EA7F-4CB1-8EF7-79CF92D8C12F}.Release|x64.Build.0 = Release|x64
		{B5953469-EA7F-4CB1-8EF7-79CF92D8C12F}.Release|x86.ActiveCfg = Release|Win32
		{B5953469-EA7F-4CB1-8EF7-79CF92D8C12F}.Release|x86.Build.0 = Release|Win32
		{51ACE45F-329D-405E-9AE8-913A942C997C}.Debug|x64.ActiveCfg = Debug|x64
		{51ACE45F-329D-405E-9AE8-913A942C997C}.Debug|x64.Build.0 = Debug|x64
		{51ACE45F-329D-405E-9AE8-913A942C997C}.Debug|x86.ActiveCfg = Debug|Win32
		{51ACE45F-329D-405E-9AE8-913A942C997C}.Debug|x86.Build.0 = Debug|Win32
		{51ACE45F-329D-405E-9AE8-913A942C997C}.Release|x64.ActiveCfg = Release|x64
		{51ACE45F-329D-405E-9AE8-913A942C997C}.Release|x64.Build.0 = Release|x64
		{51ACE45F-329D-405E-9AE8-913A942C997C}.Release|x86.ActiveCfg = Release|Win32
		{51ACE45F-329D-405E-9AE8-913A942C997C}.Release|x86.Build.0 = Release|Win32
		{406C4003-3705-4BD0-B84E-4832CA9BDFCA}.Debug|x64.ActiveCfg = Debug|x64
		{406C4003-3705-4BD0-B84E-4832CA9BDFCA}.Debug|x64.Build.0 = Debug|x64
		{406C4003-3705-4BD0-B84E-4832CA9BDFCA}.Debug|x86.ActiveCfg = Debug|Win32
		{406C4003-3705-4BD0-B84E-4832CA9BDFCA}.Debug|x86.Build.0 = Debug|Win32
		{406C4003-3705-4BD0-B84E-4832CA9BDFCA}.Release|x64.ActiveCfg = Release|x64
		{406C4003-3705-4BD0-B84E-4832CA9BDFCA}.Release|x64.Build.0 = Release|x64
		{406C4003-3705-4BD0-B84E-4832CA9BDFCA}.Release|x86.ActiveCfg = Release|Win32
		{406C4003-3705-4BD0-B84E-4832CA9BDFCA}.Release|x86.Build.0 = Release|Win32
		{C5C17A7E-3702-464B-A46A-39679106B95B}.Debug|x64.ActiveCfg = Debug|x64
		{C5C17A7E-3702-464B-A46A-39679106B95B}.Debug|x64.Build.0 = Debug|x64
		{C5C17A7E-3702-464B-A46A-39679106B95B}.Debug|x86.ActiveCfg = Debug|Win32
		{C5C17A7E-3702-464B-A46A-39679106B95B}.Debug|x86.Build.0 = Debug|Win32
		{C5C17A7E-3702-464B-A46A-39679106B95B}.Release|x64.ActiveCfg = Release|x64
		{C5C17A7E-3702-464B-A46A-39679106B95B}.Release|x64.Build.0 = Release|x64
		{C5C17A7E-3702-464B-A46A-39679106B95B}.Release|x86.ActiveCfg = Release|Win32
		{C5C17A7E-3702-464B-A46A-39679106B95B}.Release|x86.Build.0 = Release|Win32
		{F6A0FEE2-0F72-44E2-9ABC-FA1CF8BA6D4B}.Debug|x64.ActiveCfg = Debug|x64
		{F6A0FEE2-0F72-44E2-9ABC-FA1CF8BA6D4B}.Debug|x64.Build.0 = Debug|x64
		{F6A0FEE2-0F72-44E2-9ABC-FA1CF8BA6D4B}.Debug|x86.ActiveCfg = Debug|Win32
		{F6A0FEE2-0F72-44E2-9ABC-FA1CF8BA6D4B}.Debug|x86.Build.0 = Debug|Win32
		{F6A0FEE2-0F72-44E2-9ABC-FA1CF8BA6D4B}.Release|x64.ActiveCfg = Release|x64
		{F6A0FEE2-0F72-44E2-9ABC-FA1CF8BA6D4B}.Release|x64.Build.0 = Release|x64
		{F6A0FEE2-0F72-44E2-9ABC-FA1CF8BA6D4B}.Release|x86.ActiveCfg = Release|Win32
		{F6A0FEE2-0F72-44E2-9ABC-FA1CF8BA6D4B}.Release|x86.Build.0 = Release|Win32
		{CB82332B-74C2-4C23-9760-385CADE2CE6A}.Debug|x64.ActiveCfg = Debug|x64
		{CB82332B-74C2-4C23-9760-385CADE2CE6A}.Debug|x64.Build.0 = Debug|x64
		{CB82332B-74C2-4C23-9760-385CADE2CE6A}.Debug|x86.ActiveCfg = Debug|Win32
		{CB82332B-74C2-4C23-9760-385CADE2CE6A}.Debug|x86.Build.0 = Debug|Win32
		{CB82332B-74C2-4C23-9760-385CADE2CE6A}.Release|x64.ActiveCfg = Release|x64
		{CB82332B-74C2-4C23-9760-385CADE2CE6A}.Release|x64.Build.0 = Release|x64
		{CB82332B-74C2-4C23-9760-385CADE2CE6A}.Release|x86.ActiveCfg = Release|Win32
		{CB82332B-74C2-4C23-9760-385CADE2CE6A}.Release|x86.Build.0 = Release|Win32
		{0DFE8E10-1F21-496B-897A-08D62D4611B3}.Debug|x64.ActiveCfg = Debug|x64
		{0DFE8E10-1F21-496B-897A-08D62D4611B3}.Debug|x64.Build.0 = Debug|x64
		{0DFE8E10-1F21-496B-897A-08D62D4611B3}.Debug|x86.ActiveCfg = Debug|Win32
		{0DFE8E10-1F21-496B-897A-08D62D4611B3}.Debug|x86.Build.0 = Debug|Win32
		{0DFE8E10-1F21-496B-897A-08D62D4611B3}.Release|x64.ActiveCfg = Release|x64
		{0DFE8E10-1F21-496B-897A-08D62D4611B3}.Release|x64.Build.0 = Release|x64
		{0DFE8E10-1F21-496B-897A-08D62D4611B3}.Release|x86.ActiveCfg = Release|Win32
		{0DFE8E10-1F21-496B-897A-08D62D4611B3}.Release|x86.Build.0 = Release|Win32
		{E8A62825-BABB-48AF-8C6F-C57C08BD594D}.Debug|x64.ActiveCfg = Debug|x64
		{E8A62825-BABB-48AF-8C6F-C57C08BD594D}.Debug|x64.Build.0 = Debug|x64
		{E8A62825-BABB-48AF-8C6F-C57C08BD594D}.Debug|x86.ActiveCfg = Debug|Win32
		{E8A62825-BABB-48AF-8C6F-C57C08BD594D}.Debug|x86.Build.0 = Debug|Win32
		{E8A62825-BABB-48AF-8C6F-C57C08BD594D}.Release|x64.ActiveCfg = Release|x64
		{E8A62825-BABB-48AF-8C6F-C57C08BD594D}.Release|x64.Build.0 = Release|x64
		{E8A62825-BABB-48AF-8C6F-C57C08BD594D}.Release|x86.ActiveCfg = Release|Win32
		{E8A62825-BABB-48AF-8C6F-C57C08BD594D}.Release|x86.Build.0 = Release|Win32
	EndGlobalSection
	GlobalSection(SolutionProperties) = preSolution
		HideSolutionNode = FALSE
	EndGlobalSection
	GlobalSection(NestedProjects) = preSolution
		{FAB43DB9-B048-43D6-9893-B089A958A213} = {C2CC0351-A630-4978-90C6-3F5CFDCCC093}
		{9314AAEE-7B6B-42DF-819F-CD64D973807E} = {C2CC0351-A630-4978-90C6-3F5CFDCCC093}
		{A8D942C8-5405-4CF9-98D2-9A65735CC427} = {C2CC0351-A630-4978-90C6-3F5CFDCCC093}
		{B5953469-EA7F-4CB1-8EF7-79CF92D8C12F} = {C2CC0351-A630-4978-90C6-3F5CFDCCC093}
		{51ACE45F-329D-405E-9AE8-913A942C997C} = {C2CC0351-A630-4978-90C6-3F5CFDCCC093}
		{406C4003-3705-4BD0-B84E-4832CA9BDFCA} = {C2CC0351-A630-4978-90C6-3F5CFDCCC093}
	EndGlobalSection
EndGlobal
