<?xml version="1.0" encoding="utf-8"?>
<Project ToolsVersion="4.0" xmlns="http://schemas.microsoft.com/developer/msbuild/2003">
  <ItemGroup>
    <Filter Include="Abstract Headers">
      <UniqueIdentifier>{dbf02bb3-7b32-4ab1-91ae-1c68da35012f}</UniqueIdentifier>
    </Filter>
    <Filter Include="Map and Camera">
      <UniqueIdentifier>{6c3bee23-8002-46cd-b0fb-c7063667c552}</UniqueIdentifier>
    </Filter>
    <Filter Include="GeometryAndPhysics">
      <UniqueIdentifier>{5b8af197-abb9-4028-8ad6-26fb499c3bb7}</UniqueIdentifier>
    </Filter>
    <Filter Include="Exceptions">
      <UniqueIdentifier>{dfd4481c-7c5c-45a6-bb8a-6289e95d4243}</UniqueIdentifier>
    </Filter>
    <Filter Include="Graphics">
      <UniqueIdentifier>{6eb27011-fdb7-4562-9fa7-21bef73665dd}</UniqueIdentifier>
    </Filter>
    <Filter Include="Graphics\OpenGL">
      <UniqueIdentifier>{3686eb69-9612-488f-97f8-bfb93f359783}</UniqueIdentifier>
    </Filter>
    <Filter Include="Graphics\Vulkan">
      <UniqueIdentifier>{ecf23cdb-699f-4b07-924a-a01410a60f62}</UniqueIdentifier>
    </Filter>
    <Filter Include="Graphics\Window">
      <UniqueIdentifier>{48c15bd3-db42-44f1-acf7-3c77cd35e1cd}</UniqueIdentifier>
    </Filter>
  </ItemGroup>
  <ItemGroup>
    <ClCompile Include="GameWindow.cpp">
      <Filter>Graphics\Window</Filter>
    </ClCompile>
    <ClCompile Include="GameMap.cpp">
      <Filter>Map and Camera</Filter>
    </ClCompile>
    <ClCompile Include="GameCamera.cpp">
      <Filter>Map and Camera</Filter>
    </ClCompile>
    <ClCompile Include="Point.cpp">
      <Filter>GeometryAndPhysics</Filter>
    </ClCompile>
    <ClCompile Include="AbstractException.cpp">
      <Filter>Exceptions</Filter>
    </ClCompile>
    <ClCompile Include="WindowExceptions.cpp">
      <Filter>Exceptions</Filter>
    </ClCompile>
    <ClCompile Include="AbstractGraphicsEngine.cpp">
      <Filter>Graphics</Filter>
    </ClCompile>
    <ClCompile Include="OpenGLGraphicsEngine.cpp">
      <Filter>Graphics\OpenGL</Filter>
    </ClCompile>
    <ClCompile Include="VulkanGraphicsEngine.cpp">
      <Filter>Graphics\Vulkan</Filter>
    </ClCompile>
    <ClCompile Include="VulkanGraphicsEngineCallback.cpp">
      <Filter>Graphics\Vulkan</Filter>
    </ClCompile>
    <ClCompile Include="VulkanGraphicsEngineQueues.cpp">
      <Filter>Graphics\Vulkan</Filter>
    </ClCompile>
    <ClCompile Include="VulkanGraphicsEngineSwapChain.cpp">
      <Filter>Graphics\Vulkan</Filter>
    </ClCompile>
    <ClCompile Include="main.cpp" />
    <ClCompile Include="VulkanGraphicsEngineRenderProcess.cpp">
      <Filter>Graphics\Vulkan</Filter>
    </ClCompile>
  </ItemGroup>
  <ItemGroup>
    <ClInclude Include="GameWindow.hpp">
      <Filter>Graphics\Window</Filter>
    </ClInclude>
    <ClInclude Include="GameMap.hpp">
      <Filter>Map and Camera</Filter>
    </ClInclude>
    <ClInclude Include="AbstractBlock.hpp">
      <Filter>Map and Camera</Filter>
    </ClInclude>
    <ClInclude Include="GameCamera.hpp">
      <Filter>Map and Camera</Filter>
    </ClInclude>
    <ClInclude Include="Point.hpp">
      <Filter>GeometryAndPhysics</Filter>
    </ClInclude>
    <ClInclude Include="WindowExceptions.hpp">
      <Filter>Exceptions</Filter>
    </ClInclude>
    <ClInclude Include="AbstractExceptions.hpp">
      <Filter>Exceptions</Filter>
    </ClInclude>
    <ClInclude Include="AbstractGraphicsEngine.hpp">
      <Filter>Graphics</Filter>
    </ClInclude>
    <ClInclude Include="OpenGLGraphicsEngine.hpp">
      <Filter>Graphics\OpenGL</Filter>
    </ClInclude>
    <ClInclude Include="VulkanGraphicsEngine.hpp">
      <Filter>Graphics\Vulkan</Filter>
    </ClInclude>
  </ItemGroup>
</Project>